
Microsoft Visual Studio Solution File, Format Version 12.00
# Visual Studio Version 16
VisualStudioVersion = 16.6.30114.105
MinimumVisualStudioVersion = 10.0.40219.1
Project("{FAE04EC0-301F-11D3-BF4B-00C04F79EFBC}") = "Cognitive", "Cognitive\Cognitive.csproj", "{65B54644-F936-4335-8A47-595FFBAC5632}"
EndProject
Project("{FAE04EC0-301F-11D3-BF4B-00C04F79EFBC}") = "CognitiveTest", "CognitiveTest\CognitiveTest.csproj", "{C0F162AF-756C-4CF6-A468-377F60529425}"
EndProject
Project("{FAE04EC0-301F-11D3-BF4B-00C04F79EFBC}") = "Estimator", "Estimator\Estimator.csproj", "{3CB975B7-4B9A-4B67-84D2-3A926867B499}"
EndProject
Project("{FAE04EC0-301F-11D3-BF4B-00C04F79EFBC}") = "EstimatorTest", "EstimatorTest\EstimatorTest.csproj", "{148F9B47-1895-4DBF-9C4D-E5D1DA75C952}"
EndProject
Project("{FAE04EC0-301F-11D3-BF4B-00C04F79EFBC}") = "Evaluator", "Evaluator\Evaluator.csproj", "{5EFB6006-2FEE-4A86-B02C-6D83DA0EAFD8}"
EndProject
Project("{FAE04EC0-301F-11D3-BF4B-00C04F79EFBC}") = "EvaluatorTest", "EvaluatorTest\EvaluatorTest.csproj", "{A030AE8A-A030-40B4-891F-4A51ACEA8138}"
EndProject
Project("{FAE04EC0-301F-11D3-BF4B-00C04F79EFBC}") = "SelectColumns", "SelectColumns\SelectColumns.csproj", "{29CE272E-C954-4598-8107-18E7627364F1}"
EndProject
Project("{FAE04EC0-301F-11D3-BF4B-00C04F79EFBC}") = "SelectColumnsTest", "SelectColumnsTest\SelectColumnsTest.csproj", "{ABFACA3D-12E9-40A9-8703-DF7C494D9DA3}"
EndProject
Project("{FAE04EC0-301F-11D3-BF4B-00C04F79EFBC}") = "SparkFixture", "SparkFixture\SparkFixture.csproj", "{B46B8695-6FAD-4AEC-9DD3-7887C2C4D751}"
EndProject
Project("{FAE04EC0-301F-11D3-BF4B-00C04F79EFBC}") = "Wrapper", "Wrapper\Wrapper.csproj", "{8145F619-46CC-4237-AD31-32CFEF7121E0}"
EndProject
Project("{FAE04EC0-301F-11D3-BF4B-00C04F79EFBC}") = "FeatureHasher", "FeatureHasher\FeatureHasher.csproj", "{17A57C2D-0B99-4566-BC2C-BF7C87C8B6C6}"
EndProject
Project("{FAE04EC0-301F-11D3-BF4B-00C04F79EFBC}") = "FeatureHasherTest", "FeatureHasherTest\FeatureHasherTest.csproj", "{F3678365-9ED9-4038-919A-044AD73D21FD}"
EndProject
Project("{FAE04EC0-301F-11D3-BF4B-00C04F79EFBC}") = "AfeatureClasses", "AFeatureClasses\AfeatureClasses.csproj", "{CFC7BA1E-248F-4858-A873-B8E2C5A19204}"
EndProject
Project("{FAE04EC0-301F-11D3-BF4B-00C04F79EFBC}") = "AFeatureClassesTests", "AFeatureClassesTests\AFeatureClassesTests.csproj", "{F4390980-72F2-443F-9081-5D3B6F26242E}"
EndProject
Global
	GlobalSection(SolutionConfigurationPlatforms) = preSolution
		Debug|Any CPU = Debug|Any CPU
		Debug|x64 = Debug|x64
		Debug|x86 = Debug|x86
		Release|Any CPU = Release|Any CPU
		Release|x64 = Release|x64
		Release|x86 = Release|x86
	EndGlobalSection
	GlobalSection(SolutionProperties) = preSolution
		HideSolutionNode = FALSE
	EndGlobalSection
	GlobalSection(ProjectConfigurationPlatforms) = postSolution
		{65B54644-F936-4335-8A47-595FFBAC5632}.Debug|Any CPU.ActiveCfg = Debug|Any CPU
		{65B54644-F936-4335-8A47-595FFBAC5632}.Debug|Any CPU.Build.0 = Debug|Any CPU
		{65B54644-F936-4335-8A47-595FFBAC5632}.Debug|x64.ActiveCfg = Debug|Any CPU
		{65B54644-F936-4335-8A47-595FFBAC5632}.Debug|x64.Build.0 = Debug|Any CPU
		{65B54644-F936-4335-8A47-595FFBAC5632}.Debug|x86.ActiveCfg = Debug|Any CPU
		{65B54644-F936-4335-8A47-595FFBAC5632}.Debug|x86.Build.0 = Debug|Any CPU
		{65B54644-F936-4335-8A47-595FFBAC5632}.Release|Any CPU.ActiveCfg = Release|Any CPU
		{65B54644-F936-4335-8A47-595FFBAC5632}.Release|Any CPU.Build.0 = Release|Any CPU
		{65B54644-F936-4335-8A47-595FFBAC5632}.Release|x64.ActiveCfg = Release|Any CPU
		{65B54644-F936-4335-8A47-595FFBAC5632}.Release|x64.Build.0 = Release|Any CPU
		{65B54644-F936-4335-8A47-595FFBAC5632}.Release|x86.ActiveCfg = Release|Any CPU
		{65B54644-F936-4335-8A47-595FFBAC5632}.Release|x86.Build.0 = Release|Any CPU
		{C0F162AF-756C-4CF6-A468-377F60529425}.Debug|Any CPU.ActiveCfg = Debug|Any CPU
		{C0F162AF-756C-4CF6-A468-377F60529425}.Debug|Any CPU.Build.0 = Debug|Any CPU
		{C0F162AF-756C-4CF6-A468-377F60529425}.Debug|x64.ActiveCfg = Debug|Any CPU
		{C0F162AF-756C-4CF6-A468-377F60529425}.Debug|x64.Build.0 = Debug|Any CPU
		{C0F162AF-756C-4CF6-A468-377F60529425}.Debug|x86.ActiveCfg = Debug|Any CPU
		{C0F162AF-756C-4CF6-A468-377F60529425}.Debug|x86.Build.0 = Debug|Any CPU
		{C0F162AF-756C-4CF6-A468-377F60529425}.Release|Any CPU.ActiveCfg = Release|Any CPU
		{C0F162AF-756C-4CF6-A468-377F60529425}.Release|Any CPU.Build.0 = Release|Any CPU
		{C0F162AF-756C-4CF6-A468-377F60529425}.Release|x64.ActiveCfg = Release|Any CPU
		{C0F162AF-756C-4CF6-A468-377F60529425}.Release|x64.Build.0 = Release|Any CPU
		{C0F162AF-756C-4CF6-A468-377F60529425}.Release|x86.ActiveCfg = Release|Any CPU
		{C0F162AF-756C-4CF6-A468-377F60529425}.Release|x86.Build.0 = Release|Any CPU
		{3CB975B7-4B9A-4B67-84D2-3A926867B499}.Debug|Any CPU.ActiveCfg = Debug|Any CPU
		{3CB975B7-4B9A-4B67-84D2-3A926867B499}.Debug|Any CPU.Build.0 = Debug|Any CPU
		{3CB975B7-4B9A-4B67-84D2-3A926867B499}.Debug|x64.ActiveCfg = Debug|Any CPU
		{3CB975B7-4B9A-4B67-84D2-3A926867B499}.Debug|x64.Build.0 = Debug|Any CPU
		{3CB975B7-4B9A-4B67-84D2-3A926867B499}.Debug|x86.ActiveCfg = Debug|Any CPU
		{3CB975B7-4B9A-4B67-84D2-3A926867B499}.Debug|x86.Build.0 = Debug|Any CPU
		{3CB975B7-4B9A-4B67-84D2-3A926867B499}.Release|Any CPU.ActiveCfg = Release|Any CPU
		{3CB975B7-4B9A-4B67-84D2-3A926867B499}.Release|Any CPU.Build.0 = Release|Any CPU
		{3CB975B7-4B9A-4B67-84D2-3A926867B499}.Release|x64.ActiveCfg = Release|Any CPU
		{3CB975B7-4B9A-4B67-84D2-3A926867B499}.Release|x64.Build.0 = Release|Any CPU
		{3CB975B7-4B9A-4B67-84D2-3A926867B499}.Release|x86.ActiveCfg = Release|Any CPU
		{3CB975B7-4B9A-4B67-84D2-3A926867B499}.Release|x86.Build.0 = Release|Any CPU
		{148F9B47-1895-4DBF-9C4D-E5D1DA75C952}.Debug|Any CPU.ActiveCfg = Debug|Any CPU
		{148F9B47-1895-4DBF-9C4D-E5D1DA75C952}.Debug|Any CPU.Build.0 = Debug|Any CPU
		{148F9B47-1895-4DBF-9C4D-E5D1DA75C952}.Debug|x64.ActiveCfg = Debug|Any CPU
		{148F9B47-1895-4DBF-9C4D-E5D1DA75C952}.Debug|x64.Build.0 = Debug|Any CPU
		{148F9B47-1895-4DBF-9C4D-E5D1DA75C952}.Debug|x86.ActiveCfg = Debug|Any CPU
		{148F9B47-1895-4DBF-9C4D-E5D1DA75C952}.Debug|x86.Build.0 = Debug|Any CPU
		{148F9B47-1895-4DBF-9C4D-E5D1DA75C952}.Release|Any CPU.ActiveCfg = Release|Any CPU
		{148F9B47-1895-4DBF-9C4D-E5D1DA75C952}.Release|Any CPU.Build.0 = Release|Any CPU
		{148F9B47-1895-4DBF-9C4D-E5D1DA75C952}.Release|x64.ActiveCfg = Release|Any CPU
		{148F9B47-1895-4DBF-9C4D-E5D1DA75C952}.Release|x64.Build.0 = Release|Any CPU
		{148F9B47-1895-4DBF-9C4D-E5D1DA75C952}.Release|x86.ActiveCfg = Release|Any CPU
		{148F9B47-1895-4DBF-9C4D-E5D1DA75C952}.Release|x86.Build.0 = Release|Any CPU
		{5EFB6006-2FEE-4A86-B02C-6D83DA0EAFD8}.Debug|Any CPU.ActiveCfg = Debug|Any CPU
		{5EFB6006-2FEE-4A86-B02C-6D83DA0EAFD8}.Debug|Any CPU.Build.0 = Debug|Any CPU
		{5EFB6006-2FEE-4A86-B02C-6D83DA0EAFD8}.Debug|x64.ActiveCfg = Debug|Any CPU
		{5EFB6006-2FEE-4A86-B02C-6D83DA0EAFD8}.Debug|x64.Build.0 = Debug|Any CPU
		{5EFB6006-2FEE-4A86-B02C-6D83DA0EAFD8}.Debug|x86.ActiveCfg = Debug|Any CPU
		{5EFB6006-2FEE-4A86-B02C-6D83DA0EAFD8}.Debug|x86.Build.0 = Debug|Any CPU
		{5EFB6006-2FEE-4A86-B02C-6D83DA0EAFD8}.Release|Any CPU.ActiveCfg = Release|Any CPU
		{5EFB6006-2FEE-4A86-B02C-6D83DA0EAFD8}.Release|Any CPU.Build.0 = Release|Any CPU
		{5EFB6006-2FEE-4A86-B02C-6D83DA0EAFD8}.Release|x64.ActiveCfg = Release|Any CPU
		{5EFB6006-2FEE-4A86-B02C-6D83DA0EAFD8}.Release|x64.Build.0 = Release|Any CPU
		{5EFB6006-2FEE-4A86-B02C-6D83DA0EAFD8}.Release|x86.ActiveCfg = Release|Any CPU
		{5EFB6006-2FEE-4A86-B02C-6D83DA0EAFD8}.Release|x86.Build.0 = Release|Any CPU
		{A030AE8A-A030-40B4-891F-4A51ACEA8138}.Debug|Any CPU.ActiveCfg = Debug|Any CPU
		{A030AE8A-A030-40B4-891F-4A51ACEA8138}.Debug|Any CPU.Build.0 = Debug|Any CPU
		{A030AE8A-A030-40B4-891F-4A51ACEA8138}.Debug|x64.ActiveCfg = Debug|Any CPU
		{A030AE8A-A030-40B4-891F-4A51ACEA8138}.Debug|x64.Build.0 = Debug|Any CPU
		{A030AE8A-A030-40B4-891F-4A51ACEA8138}.Debug|x86.ActiveCfg = Debug|Any CPU
		{A030AE8A-A030-40B4-891F-4A51ACEA8138}.Debug|x86.Build.0 = Debug|Any CPU
		{A030AE8A-A030-40B4-891F-4A51ACEA8138}.Release|Any CPU.ActiveCfg = Release|Any CPU
		{A030AE8A-A030-40B4-891F-4A51ACEA8138}.Release|Any CPU.Build.0 = Release|Any CPU
		{A030AE8A-A030-40B4-891F-4A51ACEA8138}.Release|x64.ActiveCfg = Release|Any CPU
		{A030AE8A-A030-40B4-891F-4A51ACEA8138}.Release|x64.Build.0 = Release|Any CPU
		{A030AE8A-A030-40B4-891F-4A51ACEA8138}.Release|x86.ActiveCfg = Release|Any CPU
		{A030AE8A-A030-40B4-891F-4A51ACEA8138}.Release|x86.Build.0 = Release|Any CPU
		{29CE272E-C954-4598-8107-18E7627364F1}.Debug|Any CPU.ActiveCfg = Debug|Any CPU
		{29CE272E-C954-4598-8107-18E7627364F1}.Debug|Any CPU.Build.0 = Debug|Any CPU
		{29CE272E-C954-4598-8107-18E7627364F1}.Debug|x64.ActiveCfg = Debug|Any CPU
		{29CE272E-C954-4598-8107-18E7627364F1}.Debug|x64.Build.0 = Debug|Any CPU
		{29CE272E-C954-4598-8107-18E7627364F1}.Debug|x86.ActiveCfg = Debug|Any CPU
		{29CE272E-C954-4598-8107-18E7627364F1}.Debug|x86.Build.0 = Debug|Any CPU
		{29CE272E-C954-4598-8107-18E7627364F1}.Release|Any CPU.ActiveCfg = Release|Any CPU
		{29CE272E-C954-4598-8107-18E7627364F1}.Release|Any CPU.Build.0 = Release|Any CPU
		{29CE272E-C954-4598-8107-18E7627364F1}.Release|x64.ActiveCfg = Release|Any CPU
		{29CE272E-C954-4598-8107-18E7627364F1}.Release|x64.Build.0 = Release|Any CPU
		{29CE272E-C954-4598-8107-18E7627364F1}.Release|x86.ActiveCfg = Release|Any CPU
		{29CE272E-C954-4598-8107-18E7627364F1}.Release|x86.Build.0 = Release|Any CPU
		{ABFACA3D-12E9-40A9-8703-DF7C494D9DA3}.Debug|Any CPU.ActiveCfg = Debug|Any CPU
		{ABFACA3D-12E9-40A9-8703-DF7C494D9DA3}.Debug|Any CPU.Build.0 = Debug|Any CPU
		{ABFACA3D-12E9-40A9-8703-DF7C494D9DA3}.Debug|x64.ActiveCfg = Debug|Any CPU
		{ABFACA3D-12E9-40A9-8703-DF7C494D9DA3}.Debug|x64.Build.0 = Debug|Any CPU
		{ABFACA3D-12E9-40A9-8703-DF7C494D9DA3}.Debug|x86.ActiveCfg = Debug|Any CPU
		{ABFACA3D-12E9-40A9-8703-DF7C494D9DA3}.Debug|x86.Build.0 = Debug|Any CPU
		{ABFACA3D-12E9-40A9-8703-DF7C494D9DA3}.Release|Any CPU.ActiveCfg = Release|Any CPU
		{ABFACA3D-12E9-40A9-8703-DF7C494D9DA3}.Release|Any CPU.Build.0 = Release|Any CPU
		{ABFACA3D-12E9-40A9-8703-DF7C494D9DA3}.Release|x64.ActiveCfg = Release|Any CPU
		{ABFACA3D-12E9-40A9-8703-DF7C494D9DA3}.Release|x64.Build.0 = Release|Any CPU
		{ABFACA3D-12E9-40A9-8703-DF7C494D9DA3}.Release|x86.ActiveCfg = Release|Any CPU
		{ABFACA3D-12E9-40A9-8703-DF7C494D9DA3}.Release|x86.Build.0 = Release|Any CPU
		{B46B8695-6FAD-4AEC-9DD3-7887C2C4D751}.Debug|Any CPU.ActiveCfg = Debug|Any CPU
		{B46B8695-6FAD-4AEC-9DD3-7887C2C4D751}.Debug|Any CPU.Build.0 = Debug|Any CPU
		{B46B8695-6FAD-4AEC-9DD3-7887C2C4D751}.Debug|x64.ActiveCfg = Debug|Any CPU
		{B46B8695-6FAD-4AEC-9DD3-7887C2C4D751}.Debug|x64.Build.0 = Debug|Any CPU
		{B46B8695-6FAD-4AEC-9DD3-7887C2C4D751}.Debug|x86.ActiveCfg = Debug|Any CPU
		{B46B8695-6FAD-4AEC-9DD3-7887C2C4D751}.Debug|x86.Build.0 = Debug|Any CPU
		{B46B8695-6FAD-4AEC-9DD3-7887C2C4D751}.Release|Any CPU.ActiveCfg = Release|Any CPU
		{B46B8695-6FAD-4AEC-9DD3-7887C2C4D751}.Release|Any CPU.Build.0 = Release|Any CPU
		{B46B8695-6FAD-4AEC-9DD3-7887C2C4D751}.Release|x64.ActiveCfg = Release|Any CPU
		{B46B8695-6FAD-4AEC-9DD3-7887C2C4D751}.Release|x64.Build.0 = Release|Any CPU
		{B46B8695-6FAD-4AEC-9DD3-7887C2C4D751}.Release|x86.ActiveCfg = Release|Any CPU
		{B46B8695-6FAD-4AEC-9DD3-7887C2C4D751}.Release|x86.Build.0 = Release|Any CPU
		{8145F619-46CC-4237-AD31-32CFEF7121E0}.Debug|Any CPU.ActiveCfg = Debug|Any CPU
		{8145F619-46CC-4237-AD31-32CFEF7121E0}.Debug|Any CPU.Build.0 = Debug|Any CPU
		{8145F619-46CC-4237-AD31-32CFEF7121E0}.Debug|x64.ActiveCfg = Debug|Any CPU
		{8145F619-46CC-4237-AD31-32CFEF7121E0}.Debug|x64.Build.0 = Debug|Any CPU
		{8145F619-46CC-4237-AD31-32CFEF7121E0}.Debug|x86.ActiveCfg = Debug|Any CPU
		{8145F619-46CC-4237-AD31-32CFEF7121E0}.Debug|x86.Build.0 = Debug|Any CPU
		{8145F619-46CC-4237-AD31-32CFEF7121E0}.Release|Any CPU.ActiveCfg = Release|Any CPU
		{8145F619-46CC-4237-AD31-32CFEF7121E0}.Release|Any CPU.Build.0 = Release|Any CPU
		{8145F619-46CC-4237-AD31-32CFEF7121E0}.Release|x64.ActiveCfg = Release|Any CPU
		{8145F619-46CC-4237-AD31-32CFEF7121E0}.Release|x64.Build.0 = Release|Any CPU
		{8145F619-46CC-4237-AD31-32CFEF7121E0}.Release|x86.ActiveCfg = Release|Any CPU
		{8145F619-46CC-4237-AD31-32CFEF7121E0}.Release|x86.Build.0 = Release|Any CPU
		{17A57C2D-0B99-4566-BC2C-BF7C87C8B6C6}.Debug|Any CPU.ActiveCfg = Debug|Any CPU
		{17A57C2D-0B99-4566-BC2C-BF7C87C8B6C6}.Debug|Any CPU.Build.0 = Debug|Any CPU
		{17A57C2D-0B99-4566-BC2C-BF7C87C8B6C6}.Debug|x64.ActiveCfg = Debug|Any CPU
		{17A57C2D-0B99-4566-BC2C-BF7C87C8B6C6}.Debug|x64.Build.0 = Debug|Any CPU
		{17A57C2D-0B99-4566-BC2C-BF7C87C8B6C6}.Debug|x86.ActiveCfg = Debug|Any CPU
		{17A57C2D-0B99-4566-BC2C-BF7C87C8B6C6}.Debug|x86.Build.0 = Debug|Any CPU
		{17A57C2D-0B99-4566-BC2C-BF7C87C8B6C6}.Release|Any CPU.ActiveCfg = Release|Any CPU
		{17A57C2D-0B99-4566-BC2C-BF7C87C8B6C6}.Release|Any CPU.Build.0 = Release|Any CPU
		{17A57C2D-0B99-4566-BC2C-BF7C87C8B6C6}.Release|x64.ActiveCfg = Release|Any CPU
		{17A57C2D-0B99-4566-BC2C-BF7C87C8B6C6}.Release|x64.Build.0 = Release|Any CPU
		{17A57C2D-0B99-4566-BC2C-BF7C87C8B6C6}.Release|x86.ActiveCfg = Release|Any CPU
		{17A57C2D-0B99-4566-BC2C-BF7C87C8B6C6}.Release|x86.Build.0 = Release|Any CPU
		{F3678365-9ED9-4038-919A-044AD73D21FD}.Debug|Any CPU.ActiveCfg = Debug|Any CPU
		{F3678365-9ED9-4038-919A-044AD73D21FD}.Debug|Any CPU.Build.0 = Debug|Any CPU
		{F3678365-9ED9-4038-919A-044AD73D21FD}.Debug|x64.ActiveCfg = Debug|Any CPU
		{F3678365-9ED9-4038-919A-044AD73D21FD}.Debug|x64.Build.0 = Debug|Any CPU
		{F3678365-9ED9-4038-919A-044AD73D21FD}.Debug|x86.ActiveCfg = Debug|Any CPU
		{F3678365-9ED9-4038-919A-044AD73D21FD}.Debug|x86.Build.0 = Debug|Any CPU
		{F3678365-9ED9-4038-919A-044AD73D21FD}.Release|Any CPU.ActiveCfg = Release|Any CPU
		{F3678365-9ED9-4038-919A-044AD73D21FD}.Release|Any CPU.Build.0 = Release|Any CPU
		{F3678365-9ED9-4038-919A-044AD73D21FD}.Release|x64.ActiveCfg = Release|Any CPU
		{F3678365-9ED9-4038-919A-044AD73D21FD}.Release|x64.Build.0 = Release|Any CPU
		{F3678365-9ED9-4038-919A-044AD73D21FD}.Release|x86.ActiveCfg = Release|Any CPU
		{F3678365-9ED9-4038-919A-044AD73D21FD}.Release|x86.Build.0 = Release|Any CPU
		{CFC7BA1E-248F-4858-A873-B8E2C5A19204}.Debug|Any CPU.ActiveCfg = Debug|Any CPU
		{CFC7BA1E-248F-4858-A873-B8E2C5A19204}.Debug|Any CPU.Build.0 = Debug|Any CPU
		{CFC7BA1E-248F-4858-A873-B8E2C5A19204}.Debug|x64.ActiveCfg = Debug|Any CPU
		{CFC7BA1E-248F-4858-A873-B8E2C5A19204}.Debug|x64.Build.0 = Debug|Any CPU
		{CFC7BA1E-248F-4858-A873-B8E2C5A19204}.Debug|x86.ActiveCfg = Debug|Any CPU
		{CFC7BA1E-248F-4858-A873-B8E2C5A19204}.Debug|x86.Build.0 = Debug|Any CPU
		{CFC7BA1E-248F-4858-A873-B8E2C5A19204}.Release|Any CPU.ActiveCfg = Release|Any CPU
		{CFC7BA1E-248F-4858-A873-B8E2C5A19204}.Release|Any CPU.Build.0 = Release|Any CPU
		{CFC7BA1E-248F-4858-A873-B8E2C5A19204}.Release|x64.ActiveCfg = Release|Any CPU
		{CFC7BA1E-248F-4858-A873-B8E2C5A19204}.Release|x64.Build.0 = Release|Any CPU
		{CFC7BA1E-248F-4858-A873-B8E2C5A19204}.Release|x86.ActiveCfg = Release|Any CPU
		{CFC7BA1E-248F-4858-A873-B8E2C5A19204}.Release|x86.Build.0 = Release|Any CPU
		{F4390980-72F2-443F-9081-5D3B6F26242E}.Debug|Any CPU.ActiveCfg = Debug|Any CPU
		{F4390980-72F2-443F-9081-5D3B6F26242E}.Debug|Any CPU.Build.0 = Debug|Any CPU
		{F4390980-72F2-443F-9081-5D3B6F26242E}.Debug|x64.ActiveCfg = Debug|Any CPU
		{F4390980-72F2-443F-9081-5D3B6F26242E}.Debug|x64.Build.0 = Debug|Any CPU
		{F4390980-72F2-443F-9081-5D3B6F26242E}.Debug|x86.ActiveCfg = Debug|Any CPU
		{F4390980-72F2-443F-9081-5D3B6F26242E}.Debug|x86.Build.0 = Debug|Any CPU
		{F4390980-72F2-443F-9081-5D3B6F26242E}.Release|Any CPU.ActiveCfg = Release|Any CPU
		{F4390980-72F2-443F-9081-5D3B6F26242E}.Release|Any CPU.Build.0 = Release|Any CPU
		{F4390980-72F2-443F-9081-5D3B6F26242E}.Release|x64.ActiveCfg = Release|Any CPU
		{F4390980-72F2-443F-9081-5D3B6F26242E}.Release|x64.Build.0 = Release|Any CPU
		{F4390980-72F2-443F-9081-5D3B6F26242E}.Release|x86.ActiveCfg = Release|Any CPU
		{F4390980-72F2-443F-9081-5D3B6F26242E}.Release|x86.Build.0 = Release|Any CPU
	EndGlobalSection
EndGlobal
