
Microsoft Visual Studio Solution File, Format Version 12.00
# Visual Studio Version 16
VisualStudioVersion = 16.6.30114.105
MinimumVisualStudioVersion = 10.0.40219.1
Project("{FAE04EC0-301F-11D3-BF4B-00C04F79EFBC}") = "AFeatureClasses", "AFeatureClasses\AFeatureClasses.csproj", "{CE3FC571-8D0A-4145-860A-CA205C0C3501}"
EndProject
Project("{FAE04EC0-301F-11D3-BF4B-00C04F79EFBC}") = "AFeatureClassesTests", "AFeatureClassesTests\AFeatureClassesTests.csproj", "{71E311A5-D0AE-4DE6-AF09-8A89F6945908}"
EndProject
Project("{FAE04EC0-301F-11D3-BF4B-00C04F79EFBC}") = "SparkFixture", "SparkFixture\SparkFixture.csproj", "{4F6BFAFF-C064-4693-8C5B-9E23C1DEB681}"
EndProject
Project("{FAE04EC0-301F-11D3-BF4B-00C04F79EFBC}") = "Wrapper", "Wrapper\Wrapper.csproj", "{40AD9B20-AD52-43DA-81CF-C71C9A409BA1}"
EndProject
Global
	GlobalSection(SolutionConfigurationPlatforms) = preSolution
		Debug|Any CPU = Debug|Any CPU
		Debug|x64 = Debug|x64
		Debug|x86 = Debug|x86
		Release|Any CPU = Release|Any CPU
		Release|x64 = Release|x64
		Release|x86 = Release|x86
	EndGlobalSection
	GlobalSection(SolutionProperties) = preSolution
		HideSolutionNode = FALSE
	EndGlobalSection
	GlobalSection(ProjectConfigurationPlatforms) = postSolution
		{CE3FC571-8D0A-4145-860A-CA205C0C3501}.Debug|Any CPU.ActiveCfg = Debug|Any CPU
		{CE3FC571-8D0A-4145-860A-CA205C0C3501}.Debug|Any CPU.Build.0 = Debug|Any CPU
		{CE3FC571-8D0A-4145-860A-CA205C0C3501}.Debug|x64.ActiveCfg = Debug|Any CPU
		{CE3FC571-8D0A-4145-860A-CA205C0C3501}.Debug|x64.Build.0 = Debug|Any CPU
		{CE3FC571-8D0A-4145-860A-CA205C0C3501}.Debug|x86.ActiveCfg = Debug|Any CPU
		{CE3FC571-8D0A-4145-860A-CA205C0C3501}.Debug|x86.Build.0 = Debug|Any CPU
		{CE3FC571-8D0A-4145-860A-CA205C0C3501}.Release|Any CPU.ActiveCfg = Release|Any CPU
		{CE3FC571-8D0A-4145-860A-CA205C0C3501}.Release|Any CPU.Build.0 = Release|Any CPU
		{CE3FC571-8D0A-4145-860A-CA205C0C3501}.Release|x64.ActiveCfg = Release|Any CPU
		{CE3FC571-8D0A-4145-860A-CA205C0C3501}.Release|x64.Build.0 = Release|Any CPU
		{CE3FC571-8D0A-4145-860A-CA205C0C3501}.Release|x86.ActiveCfg = Release|Any CPU
		{CE3FC571-8D0A-4145-860A-CA205C0C3501}.Release|x86.Build.0 = Release|Any CPU
		{71E311A5-D0AE-4DE6-AF09-8A89F6945908}.Debug|Any CPU.ActiveCfg = Debug|Any CPU
		{71E311A5-D0AE-4DE6-AF09-8A89F6945908}.Debug|Any CPU.Build.0 = Debug|Any CPU
		{71E311A5-D0AE-4DE6-AF09-8A89F6945908}.Debug|x64.ActiveCfg = Debug|Any CPU
		{71E311A5-D0AE-4DE6-AF09-8A89F6945908}.Debug|x64.Build.0 = Debug|Any CPU
		{71E311A5-D0AE-4DE6-AF09-8A89F6945908}.Debug|x86.ActiveCfg = Debug|Any CPU
		{71E311A5-D0AE-4DE6-AF09-8A89F6945908}.Debug|x86.Build.0 = Debug|Any CPU
		{71E311A5-D0AE-4DE6-AF09-8A89F6945908}.Release|Any CPU.ActiveCfg = Release|Any CPU
		{71E311A5-D0AE-4DE6-AF09-8A89F6945908}.Release|Any CPU.Build.0 = Release|Any CPU
		{71E311A5-D0AE-4DE6-AF09-8A89F6945908}.Release|x64.ActiveCfg = Release|Any CPU
		{71E311A5-D0AE-4DE6-AF09-8A89F6945908}.Release|x64.Build.0 = Release|Any CPU
		{71E311A5-D0AE-4DE6-AF09-8A89F6945908}.Release|x86.ActiveCfg = Release|Any CPU
		{71E311A5-D0AE-4DE6-AF09-8A89F6945908}.Release|x86.Build.0 = Release|Any CPU
		{4F6BFAFF-C064-4693-8C5B-9E23C1DEB681}.Debug|Any CPU.ActiveCfg = Debug|Any CPU
		{4F6BFAFF-C064-4693-8C5B-9E23C1DEB681}.Debug|Any CPU.Build.0 = Debug|Any CPU
		{4F6BFAFF-C064-4693-8C5B-9E23C1DEB681}.Debug|x64.ActiveCfg = Debug|Any CPU
		{4F6BFAFF-C064-4693-8C5B-9E23C1DEB681}.Debug|x64.Build.0 = Debug|Any CPU
		{4F6BFAFF-C064-4693-8C5B-9E23C1DEB681}.Debug|x86.ActiveCfg = Debug|Any CPU
		{4F6BFAFF-C064-4693-8C5B-9E23C1DEB681}.Debug|x86.Build.0 = Debug|Any CPU
		{4F6BFAFF-C064-4693-8C5B-9E23C1DEB681}.Release|Any CPU.ActiveCfg = Release|Any CPU
		{4F6BFAFF-C064-4693-8C5B-9E23C1DEB681}.Release|Any CPU.Build.0 = Release|Any CPU
		{4F6BFAFF-C064-4693-8C5B-9E23C1DEB681}.Release|x64.ActiveCfg = Release|Any CPU
		{4F6BFAFF-C064-4693-8C5B-9E23C1DEB681}.Release|x64.Build.0 = Release|Any CPU
		{4F6BFAFF-C064-4693-8C5B-9E23C1DEB681}.Release|x86.ActiveCfg = Release|Any CPU
		{4F6BFAFF-C064-4693-8C5B-9E23C1DEB681}.Release|x86.Build.0 = Release|Any CPU
		{40AD9B20-AD52-43DA-81CF-C71C9A409BA1}.Debug|Any CPU.ActiveCfg = Debug|Any CPU
		{40AD9B20-AD52-43DA-81CF-C71C9A409BA1}.Debug|Any CPU.Build.0 = Debug|Any CPU
		{40AD9B20-AD52-43DA-81CF-C71C9A409BA1}.Debug|x64.ActiveCfg = Debug|Any CPU
		{40AD9B20-AD52-43DA-81CF-C71C9A409BA1}.Debug|x64.Build.0 = Debug|Any CPU
		{40AD9B20-AD52-43DA-81CF-C71C9A409BA1}.Debug|x86.ActiveCfg = Debug|Any CPU
		{40AD9B20-AD52-43DA-81CF-C71C9A409BA1}.Debug|x86.Build.0 = Debug|Any CPU
		{40AD9B20-AD52-43DA-81CF-C71C9A409BA1}.Release|Any CPU.ActiveCfg = Release|Any CPU
		{40AD9B20-AD52-43DA-81CF-C71C9A409BA1}.Release|Any CPU.Build.0 = Release|Any CPU
		{40AD9B20-AD52-43DA-81CF-C71C9A409BA1}.Release|x64.ActiveCfg = Release|Any CPU
		{40AD9B20-AD52-43DA-81CF-C71C9A409BA1}.Release|x64.Build.0 = Release|Any CPU
		{40AD9B20-AD52-43DA-81CF-C71C9A409BA1}.Release|x86.ActiveCfg = Release|Any CPU
		{40AD9B20-AD52-43DA-81CF-C71C9A409BA1}.Release|x86.Build.0 = Release|Any CPU
	EndGlobalSection
EndGlobal
